
Microsoft Visual Studio Solution File, Format Version 12.00
# Visual Studio 15
VisualStudioVersion = 15.0.27703.2026
MinimumVisualStudioVersion = 10.0.40219.1
Project("{FAE04EC0-301F-11D3-BF4B-00C04F79EFBC}") = "LookupCollections", "LookupCollections.csproj", "{9AB39723-0109-4811-8FBC-6CB00EF5E18C}"
EndProject
Global
	GlobalSection(SolutionConfigurationPlatforms) = preSolution
		Debug|Any CPU = Debug|Any CPU
		Release|Any CPU = Release|Any CPU
	EndGlobalSection
	GlobalSection(ProjectConfigurationPlatforms) = postSolution
		{9AB39723-0109-4811-8FBC-6CB00EF5E18C}.Debug|Any CPU.ActiveCfg = Debug|Any CPU
		{9AB39723-0109-4811-8FBC-6CB00EF5E18C}.Debug|Any CPU.Build.0 = Debug|Any CPU
		{9AB39723-0109-4811-8FBC-6CB00EF5E18C}.Release|Any CPU.ActiveCfg = Release|Any CPU
		{9AB39723-0109-4811-8FBC-6CB00EF5E18C}.Release|Any CPU.Build.0 = Release|Any CPU
	EndGlobalSection
	GlobalSection(SolutionProperties) = preSolution
		HideSolutionNode = FALSE
	EndGlobalSection
	GlobalSection(ExtensibilityGlobals) = postSolution
		SolutionGuid = {BA3E5598-2D18-4436-8FA5-B64B94776083}
	EndGlobalSection
EndGlobal
